
Microsoft Visual Studio Solution File, Format Version 12.00
# Visual Studio 15
VisualStudioVersion = 15.0.28307.421
MinimumVisualStudioVersion = 10.0.40219.1
Project("{8BC9CEB8-8B4A-11D0-8D11-00A0C91BC942}") = "SPEA_TIMO", "SPEA_TIMO\SPEA_TIMO.vcxproj", "{8C9682E1-00A7-45B1-A21F-436187419961}"
EndProject
Global
	GlobalSection(SolutionConfigurationPlatforms) = preSolution
		Debug|ARM = Debug|ARM
		Debug|ARM64 = Debug|ARM64
		Debug|x64 = Debug|x64
		Debug|x86 = Debug|x86
		Release|ARM = Release|ARM
		Release|ARM64 = Release|ARM64
		Release|x64 = Release|x64
		Release|x86 = Release|x86
	EndGlobalSection
	GlobalSection(ProjectConfigurationPlatforms) = postSolution
		{8C9682E1-00A7-45B1-A21F-436187419961}.Debug|ARM.ActiveCfg = Debug|ARM
		{8C9682E1-00A7-45B1-A21F-436187419961}.Debug|ARM.Build.0 = Debug|ARM
		{8C9682E1-00A7-45B1-A21F-436187419961}.Debug|ARM.Deploy.0 = Debug|ARM
		{8C9682E1-00A7-45B1-A21F-436187419961}.Debug|ARM64.ActiveCfg = Debug|ARM64
		{8C9682E1-00A7-45B1-A21F-436187419961}.Debug|ARM64.Build.0 = Debug|ARM64
		{8C9682E1-00A7-45B1-A21F-436187419961}.Debug|ARM64.Deploy.0 = Debug|ARM64
		{8C9682E1-00A7-45B1-A21F-436187419961}.Debug|x64.ActiveCfg = Debug|x64
		{8C9682E1-00A7-45B1-A21F-436187419961}.Debug|x64.Build.0 = Debug|x64
		{8C9682E1-00A7-45B1-A21F-436187419961}.Debug|x64.Deploy.0 = Debug|x64
		{8C9682E1-00A7-45B1-A21F-436187419961}.Debug|x86.ActiveCfg = Debug|Win32
		{8C9682E1-00A7-45B1-A21F-436187419961}.Debug|x86.Build.0 = Debug|Win32
		{8C9682E1-00A7-45B1-A21F-436187419961}.Debug|x86.Deploy.0 = Debug|Win32
		{8C9682E1-00A7-45B1-A21F-436187419961}.Release|ARM.ActiveCfg = Release|ARM
		{8C9682E1-00A7-45B1-A21F-436187419961}.Release|ARM.Build.0 = Release|ARM
		{8C9682E1-00A7-45B1-A21F-436187419961}.Release|ARM.Deploy.0 = Release|ARM
		{8C9682E1-00A7-45B1-A21F-436187419961}.Release|ARM64.ActiveCfg = Release|ARM64
		{8C9682E1-00A7-45B1-A21F-436187419961}.Release|ARM64.Build.0 = Release|ARM64
		{8C9682E1-00A7-45B1-A21F-436187419961}.Release|ARM64.Deploy.0 = Release|ARM64
		{8C9682E1-00A7-45B1-A21F-436187419961}.Release|x64.ActiveCfg = Release|x64
		{8C9682E1-00A7-45B1-A21F-436187419961}.Release|x64.Build.0 = Release|x64
		{8C9682E1-00A7-45B1-A21F-436187419961}.Release|x64.Deploy.0 = Release|x64
		{8C9682E1-00A7-45B1-A21F-436187419961}.Release|x86.ActiveCfg = Release|Win32
		{8C9682E1-00A7-45B1-A21F-436187419961}.Release|x86.Build.0 = Release|Win32
		{8C9682E1-00A7-45B1-A21F-436187419961}.Release|x86.Deploy.0 = Release|Win32
	EndGlobalSection
	GlobalSection(SolutionProperties) = preSolution
		HideSolutionNode = FALSE
	EndGlobalSection
	GlobalSection(ExtensibilityGlobals) = postSolution
		SolutionGuid = {5DA62020-285E-4B6E-84D9-7BB5540303F0}
	EndGlobalSection
EndGlobal
